Microsoft Visual Studio Solution File, Format Version 12.00
# Visual Studio Version 17
VisualStudioVersion = 17.5.2.0
MinimumVisualStudioVersion = 10.0.40219.1
Project("{FAE04EC0-301F-11D3-BF4B-00C04F79EFBC}") = "03-data-binding-and-events", "03-data-binding-and-events.csproj", "{7A9D8BAD-B8F0-86BC-C72F-D5F0A77F77A1}"
EndProject
Global
	GlobalSection(SolutionConfigurationPlatforms) = preSolution
		Debug|Any CPU = Debug|Any CPU
		Release|Any CPU = Release|Any CPU
	EndGlobalSection
	GlobalSection(ProjectConfigurationPlatforms) = postSolution
		{7A9D8BAD-B8F0-86BC-C72F-D5F0A77F77A1}.Debug|Any CPU.ActiveCfg = Debug|Any CPU
		{7A9D8BAD-B8F0-86BC-C72F-D5F0A77F77A1}.Debug|Any CPU.Build.0 = Debug|Any CPU
		{7A9D8BAD-B8F0-86BC-C72F-D5F0A77F77A1}.Release|Any CPU.ActiveCfg = Release|Any CPU
		{7A9D8BAD-B8F0-86BC-C72F-D5F0A77F77A1}.Release|Any CPU.Build.0 = Release|Any CPU
	EndGlobalSection
	GlobalSection(SolutionProperties) = preSolution
		HideSolutionNode = FALSE
	EndGlobalSection
	GlobalSection(ExtensibilityGlobals) = postSolution
		SolutionGuid = {2C98183A-19FA-4246-9353-075026066BD6}
	EndGlobalSection
EndGlobal
