Microsoft Visual Studio Solution File, Format Version 12.00
# Visual Studio Version 17
VisualStudioVersion = 17.0.31903.59
MinimumVisualStudioVersion = 10.0.40219.1
Project("{FAE04EC0-301F-11D3-BF4B-00C04F79EFBC}") = "Pagination.Demo", "src\Pagination.Demo\Pagination.Demo.csproj", "{E0A71E2C-B1B7-4A0D-AB2E-C5035631F412}"
EndProject
Global
	GlobalSection(SolutionConfigurationPlatforms) = preSolution
		Debug|Any CPU = Debug|Any CPU
		Release|Any CPU = Release|Any CPU
	EndGlobalSection
	GlobalSection(ProjectConfigurationPlatforms) = postSolution
		{E0A71E2C-B1B7-4A0D-AB2E-C5035631F412}.Debug|Any CPU.ActiveCfg = Debug|Any CPU
		{E0A71E2C-B1B7-4A0D-AB2E-C5035631F412}.Debug|Any CPU.Build.0 = Debug|Any CPU
		{E0A71E2C-B1B7-4A0D-AB2E-C5035631F412}.Release|Any CPU.ActiveCfg = Release|Any CPU
		{E0A71E2C-B1B7-4A0D-AB2E-C5035631F412}.Release|Any CPU.Build.0 = Release|Any CPU
	EndGlobalSection
EndGlobal
